
Microsoft Visual Studio Solution File, Format Version 12.00
# Visual Studio 15
VisualStudioVersion = 15.0.26124.0
MinimumVisualStudioVersion = 15.0.26124.0
Project("{FAE04EC0-301F-11D3-BF4B-00C04F79EFBC}") = "Domain", "Domain\Domain.csproj", "{44B02DF9-6B90-4BC8-91BD-68A67FB028D8}"
EndProject
Project("{FAE04EC0-301F-11D3-BF4B-00C04F79EFBC}") = "Application", "Application\Application.csproj", "{B38A8FCE-78AE-4CB9-909E-8D6C29615D59}"
EndProject
Project("{FAE04EC0-301F-11D3-BF4B-00C04F79EFBC}") = "Persistence", "Persistence\Persistence.csproj", "{ACAF9F03-54D2-41BD-B465-ADFD436571FC}"
EndProject
Project("{FAE04EC0-301F-11D3-BF4B-00C04F79EFBC}") = "API", "API\API.csproj", "{5C3CC4BC-4313-4C09-A7A2-C324F4D4259A}"
EndProject
Global
	GlobalSection(SolutionConfigurationPlatforms) = preSolution
		Debug|Any CPU = Debug|Any CPU
		Debug|x64 = Debug|x64
		Debug|x86 = Debug|x86
		Release|Any CPU = Release|Any CPU
		Release|x64 = Release|x64
		Release|x86 = Release|x86
	EndGlobalSection
	GlobalSection(SolutionProperties) = preSolution
		HideSolutionNode = FALSE
	EndGlobalSection
	GlobalSection(ProjectConfigurationPlatforms) = postSolution
		{44B02DF9-6B90-4BC8-91BD-68A67FB028D8}.Debug|Any CPU.ActiveCfg = Debug|Any CPU
		{44B02DF9-6B90-4BC8-91BD-68A67FB028D8}.Debug|Any CPU.Build.0 = Debug|Any CPU
		{44B02DF9-6B90-4BC8-91BD-68A67FB028D8}.Debug|x64.ActiveCfg = Debug|Any CPU
		{44B02DF9-6B90-4BC8-91BD-68A67FB028D8}.Debug|x64.Build.0 = Debug|Any CPU
		{44B02DF9-6B90-4BC8-91BD-68A67FB028D8}.Debug|x86.ActiveCfg = Debug|Any CPU
		{44B02DF9-6B90-4BC8-91BD-68A67FB028D8}.Debug|x86.Build.0 = Debug|Any CPU
		{44B02DF9-6B90-4BC8-91BD-68A67FB028D8}.Release|Any CPU.ActiveCfg = Release|Any CPU
		{44B02DF9-6B90-4BC8-91BD-68A67FB028D8}.Release|Any CPU.Build.0 = Release|Any CPU
		{44B02DF9-6B90-4BC8-91BD-68A67FB028D8}.Release|x64.ActiveCfg = Release|Any CPU
		{44B02DF9-6B90-4BC8-91BD-68A67FB028D8}.Release|x64.Build.0 = Release|Any CPU
		{44B02DF9-6B90-4BC8-91BD-68A67FB028D8}.Release|x86.ActiveCfg = Release|Any CPU
		{44B02DF9-6B90-4BC8-91BD-68A67FB028D8}.Release|x86.Build.0 = Release|Any CPU
		{B38A8FCE-78AE-4CB9-909E-8D6C29615D59}.Debug|Any CPU.ActiveCfg = Debug|Any CPU
		{B38A8FCE-78AE-4CB9-909E-8D6C29615D59}.Debug|Any CPU.Build.0 = Debug|Any CPU
		{B38A8FCE-78AE-4CB9-909E-8D6C29615D59}.Debug|x64.ActiveCfg = Debug|Any CPU
		{B38A8FCE-78AE-4CB9-909E-8D6C29615D59}.Debug|x64.Build.0 = Debug|Any CPU
		{B38A8FCE-78AE-4CB9-909E-8D6C29615D59}.Debug|x86.ActiveCfg = Debug|Any CPU
		{B38A8FCE-78AE-4CB9-909E-8D6C29615D59}.Debug|x86.Build.0 = Debug|Any CPU
		{B38A8FCE-78AE-4CB9-909E-8D6C29615D59}.Release|Any CPU.ActiveCfg = Release|Any CPU
		{B38A8FCE-78AE-4CB9-909E-8D6C29615D59}.Release|Any CPU.Build.0 = Release|Any CPU
		{B38A8FCE-78AE-4CB9-909E-8D6C29615D59}.Release|x64.ActiveCfg = Release|Any CPU
		{B38A8FCE-78AE-4CB9-909E-8D6C29615D59}.Release|x64.Build.0 = Release|Any CPU
		{B38A8FCE-78AE-4CB9-909E-8D6C29615D59}.Release|x86.ActiveCfg = Release|Any CPU
		{B38A8FCE-78AE-4CB9-909E-8D6C29615D59}.Release|x86.Build.0 = Release|Any CPU
		{ACAF9F03-54D2-41BD-B465-ADFD436571FC}.Debug|Any CPU.ActiveCfg = Debug|Any CPU
		{ACAF9F03-54D2-41BD-B465-ADFD436571FC}.Debug|Any CPU.Build.0 = Debug|Any CPU
		{ACAF9F03-54D2-41BD-B465-ADFD436571FC}.Debug|x64.ActiveCfg = Debug|Any CPU
		{ACAF9F03-54D2-41BD-B465-ADFD436571FC}.Debug|x64.Build.0 = Debug|Any CPU
		{ACAF9F03-54D2-41BD-B465-ADFD436571FC}.Debug|x86.ActiveCfg = Debug|Any CPU
		{ACAF9F03-54D2-41BD-B465-ADFD436571FC}.Debug|x86.Build.0 = Debug|Any CPU
		{ACAF9F03-54D2-41BD-B465-ADFD436571FC}.Release|Any CPU.ActiveCfg = Release|Any CPU
		{ACAF9F03-54D2-41BD-B465-ADFD436571FC}.Release|Any CPU.Build.0 = Release|Any CPU
		{ACAF9F03-54D2-41BD-B465-ADFD436571FC}.Release|x64.ActiveCfg = Release|Any CPU
		{ACAF9F03-54D2-41BD-B465-ADFD436571FC}.Release|x64.Build.0 = Release|Any CPU
		{ACAF9F03-54D2-41BD-B465-ADFD436571FC}.Release|x86.ActiveCfg = Release|Any CPU
		{ACAF9F03-54D2-41BD-B465-ADFD436571FC}.Release|x86.Build.0 = Release|Any CPU
		{5C3CC4BC-4313-4C09-A7A2-C324F4D4259A}.Debug|Any CPU.ActiveCfg = Debug|Any CPU
		{5C3CC4BC-4313-4C09-A7A2-C324F4D4259A}.Debug|Any CPU.Build.0 = Debug|Any CPU
		{5C3CC4BC-4313-4C09-A7A2-C324F4D4259A}.Debug|x64.ActiveCfg = Debug|Any CPU
		{5C3CC4BC-4313-4C09-A7A2-C324F4D4259A}.Debug|x64.Build.0 = Debug|Any CPU
		{5C3CC4BC-4313-4C09-A7A2-C324F4D4259A}.Debug|x86.ActiveCfg = Debug|Any CPU
		{5C3CC4BC-4313-4C09-A7A2-C324F4D4259A}.Debug|x86.Build.0 = Debug|Any CPU
		{5C3CC4BC-4313-4C09-A7A2-C324F4D4259A}.Release|Any CPU.ActiveCfg = Release|Any CPU
		{5C3CC4BC-4313-4C09-A7A2-C324F4D4259A}.Release|Any CPU.Build.0 = Release|Any CPU
		{5C3CC4BC-4313-4C09-A7A2-C324F4D4259A}.Release|x64.ActiveCfg = Release|Any CPU
		{5C3CC4BC-4313-4C09-A7A2-C324F4D4259A}.Release|x64.Build.0 = Release|Any CPU
		{5C3CC4BC-4313-4C09-A7A2-C324F4D4259A}.Release|x86.ActiveCfg = Release|Any CPU
		{5C3CC4BC-4313-4C09-A7A2-C324F4D4259A}.Release|x86.Build.0 = Release|Any CPU
	EndGlobalSection
EndGlobal
